
Microsoft Visual Studio Solution File, Format Version 12.00
# Visual Studio 15
VisualStudioVersion = 15.0.27004.2005
MinimumVisualStudioVersion = 10.0.40219.1
Project("{9A19103F-16F7-4668-BE54-9A1E7A4F7556}") = "KemperQuoteFlowA", "KemperQuoteFlowA\KemperQuoteFlowA.csproj", "{0B131667-E07E-46F5-8D05-18BD9B775AFD}"
EndProject
Project("{FAE04EC0-301F-11D3-BF4B-00C04F79EFBC}") = "KdQuoteLibrary", "KdQuoteLibrary\KdQuoteLibrary.csproj", "{412095C6-2739-40C6-855B-26D9769D40B3}"
EndProject
Global
	GlobalSection(SolutionConfigurationPlatforms) = preSolution
		Debug|Any CPU = Debug|Any CPU
		Release|Any CPU = Release|Any CPU
	EndGlobalSection
	GlobalSection(ProjectConfigurationPlatforms) = postSolution
		{0B131667-E07E-46F5-8D05-18BD9B775AFD}.Debug|Any CPU.ActiveCfg = Debug|Any CPU
		{0B131667-E07E-46F5-8D05-18BD9B775AFD}.Debug|Any CPU.Build.0 = Debug|Any CPU
		{0B131667-E07E-46F5-8D05-18BD9B775AFD}.Release|Any CPU.ActiveCfg = Release|Any CPU
		{0B131667-E07E-46F5-8D05-18BD9B775AFD}.Release|Any CPU.Build.0 = Release|Any CPU
		{412095C6-2739-40C6-855B-26D9769D40B3}.Debug|Any CPU.ActiveCfg = Debug|Any CPU
		{412095C6-2739-40C6-855B-26D9769D40B3}.Debug|Any CPU.Build.0 = Debug|Any CPU
		{412095C6-2739-40C6-855B-26D9769D40B3}.Release|Any CPU.ActiveCfg = Release|Any CPU
		{412095C6-2739-40C6-855B-26D9769D40B3}.Release|Any CPU.Build.0 = Release|Any CPU
	EndGlobalSection
	GlobalSection(SolutionProperties) = preSolution
		HideSolutionNode = FALSE
	EndGlobalSection
	GlobalSection(ExtensibilityGlobals) = postSolution
		SolutionGuid = {B536CA67-CDF4-4CBE-8BB2-D5B280B1EA0A}
	EndGlobalSection
EndGlobal
